
Microsoft Visual Studio Solution File, Format Version 12.00
# Visual Studio Version 17
VisualStudioVersion = 17.0.31903.59
MinimumVisualStudioVersion = 10.0.40219.1
Project("{FAE04EC0-301F-11D3-BF4B-00C04F79EFBC}") = "Measures", "Measures\Measures.csproj", "{BCCDF5D0-196C-43B7-B216-BF588D9EE048}"
EndProject
Project("{FAE04EC0-301F-11D3-BF4B-00C04F79EFBC}") = "Measures.Test", "Measures.Test\Measures.Test.csproj", "{506809D7-F5A3-4375-83C3-DBD518D38E02}"
EndProject
Project("{2150E333-8FDC-42A3-9474-1A3956D46DE8}") = "Measures", "Measures", "{06732A63-18D0-4B5E-BC98-7DEBD1D8C44F}"
EndProject
Global
	GlobalSection(SolutionConfigurationPlatforms) = preSolution
		Debug|Any CPU = Debug|Any CPU
		Release|Any CPU = Release|Any CPU
	EndGlobalSection
	GlobalSection(SolutionProperties) = preSolution
		HideSolutionNode = FALSE
	EndGlobalSection
	GlobalSection(ProjectConfigurationPlatforms) = postSolution
		{BCCDF5D0-196C-43B7-B216-BF588D9EE048}.Debug|Any CPU.ActiveCfg = Debug|Any CPU
		{BCCDF5D0-196C-43B7-B216-BF588D9EE048}.Debug|Any CPU.Build.0 = Debug|Any CPU
		{BCCDF5D0-196C-43B7-B216-BF588D9EE048}.Release|Any CPU.ActiveCfg = Release|Any CPU
		{BCCDF5D0-196C-43B7-B216-BF588D9EE048}.Release|Any CPU.Build.0 = Release|Any CPU
		{506809D7-F5A3-4375-83C3-DBD518D38E02}.Debug|Any CPU.ActiveCfg = Debug|Any CPU
		{506809D7-F5A3-4375-83C3-DBD518D38E02}.Debug|Any CPU.Build.0 = Debug|Any CPU
		{506809D7-F5A3-4375-83C3-DBD518D38E02}.Release|Any CPU.ActiveCfg = Release|Any CPU
		{506809D7-F5A3-4375-83C3-DBD518D38E02}.Release|Any CPU.Build.0 = Release|Any CPU
	EndGlobalSection
	GlobalSection(NestedProjects) = preSolution
		{BCCDF5D0-196C-43B7-B216-BF588D9EE048} = {06732A63-18D0-4B5E-BC98-7DEBD1D8C44F}
		{506809D7-F5A3-4375-83C3-DBD518D38E02} = {06732A63-18D0-4B5E-BC98-7DEBD1D8C44F}
	EndGlobalSection
EndGlobal
